
Microsoft Visual Studio Solution File, Format Version 12.00
# Visual Studio Version 17
VisualStudioVersion = 17.6.33815.320
MinimumVisualStudioVersion = 10.0.40219.1
Project("{8BC9CEB8-8B4A-11D0-8D11-00A0C91BC942}") = "Accademy", "Accademy\Accademy.vcxproj", "{5998B8A2-D8A0-44E9-942E-8994E70A6E80}"
EndProject
Project("{8BC9CEB8-8B4A-11D0-8D11-00A0C91BC942}") = "File", "File\File.vcxproj", "{DA7EF660-5ECC-4282-AF5A-9BBB2C35CD0E}"
EndProject
Project("{8BC9CEB8-8B4A-11D0-8D11-00A0C91BC942}") = "AbstractBaseClass", "AbstractBaseClass\AbstractBaseClass.vcxproj", "{C39443B7-7A4A-4566-AA08-C905B8015C68}"
EndProject
Project("{8BC9CEB8-8B4A-11D0-8D11-00A0C91BC942}") = "AbstractGeometry", "AbstractGeometry\AbstractGeometry.vcxproj", "{06424D4C-05B1-413F-97D2-63117454F656}"
EndProject
Global
	GlobalSection(SolutionConfigurationPlatforms) = preSolution
		Debug|x64 = Debug|x64
		Debug|x86 = Debug|x86
		Release|x64 = Release|x64
		Release|x86 = Release|x86
	EndGlobalSection
	GlobalSection(ProjectConfigurationPlatforms) = postSolution
		{5998B8A2-D8A0-44E9-942E-8994E70A6E80}.Debug|x64.ActiveCfg = Debug|x64
		{5998B8A2-D8A0-44E9-942E-8994E70A6E80}.Debug|x64.Build.0 = Debug|x64
		{5998B8A2-D8A0-44E9-942E-8994E70A6E80}.Debug|x86.ActiveCfg = Debug|Win32
		{5998B8A2-D8A0-44E9-942E-8994E70A6E80}.Debug|x86.Build.0 = Debug|Win32
		{5998B8A2-D8A0-44E9-942E-8994E70A6E80}.Release|x64.ActiveCfg = Release|x64
		{5998B8A2-D8A0-44E9-942E-8994E70A6E80}.Release|x64.Build.0 = Release|x64
		{5998B8A2-D8A0-44E9-942E-8994E70A6E80}.Release|x86.ActiveCfg = Release|Win32
		{5998B8A2-D8A0-44E9-942E-8994E70A6E80}.Release|x86.Build.0 = Release|Win32
		{DA7EF660-5ECC-4282-AF5A-9BBB2C35CD0E}.Debug|x64.ActiveCfg = Debug|x64
		{DA7EF660-5ECC-4282-AF5A-9BBB2C35CD0E}.Debug|x64.Build.0 = Debug|x64
		{DA7EF660-5ECC-4282-AF5A-9BBB2C35CD0E}.Debug|x86.ActiveCfg = Debug|Win32
		{DA7EF660-5ECC-4282-AF5A-9BBB2C35CD0E}.Debug|x86.Build.0 = Debug|Win32
		{DA7EF660-5ECC-4282-AF5A-9BBB2C35CD0E}.Release|x64.ActiveCfg = Release|x64
		{DA7EF660-5ECC-4282-AF5A-9BBB2C35CD0E}.Release|x64.Build.0 = Release|x64
		{DA7EF660-5ECC-4282-AF5A-9BBB2C35CD0E}.Release|x86.ActiveCfg = Release|Win32
		{DA7EF660-5ECC-4282-AF5A-9BBB2C35CD0E}.Release|x86.Build.0 = Release|Win32
		{C39443B7-7A4A-4566-AA08-C905B8015C68}.Debug|x64.ActiveCfg = Debug|x64
		{C39443B7-7A4A-4566-AA08-C905B8015C68}.Debug|x64.Build.0 = Debug|x64
		{C39443B7-7A4A-4566-AA08-C905B8015C68}.Debug|x86.ActiveCfg = Debug|Win32
		{C39443B7-7A4A-4566-AA08-C905B8015C68}.Debug|x86.Build.0 = Debug|Win32
		{C39443B7-7A4A-4566-AA08-C905B8015C68}.Release|x64.ActiveCfg = Release|x64
		{C39443B7-7A4A-4566-AA08-C905B8015C68}.Release|x64.Build.0 = Release|x64
		{C39443B7-7A4A-4566-AA08-C905B8015C68}.Release|x86.ActiveCfg = Release|Win32
		{C39443B7-7A4A-4566-AA08-C905B8015C68}.Release|x86.Build.0 = Release|Win32
		{06424D4C-05B1-413F-97D2-63117454F656}.Debug|x64.ActiveCfg = Debug|x64
		{06424D4C-05B1-413F-97D2-63117454F656}.Debug|x64.Build.0 = Debug|x64
		{06424D4C-05B1-413F-97D2-63117454F656}.Debug|x86.ActiveCfg = Debug|Win32
		{06424D4C-05B1-413F-97D2-63117454F656}.Debug|x86.Build.0 = Debug|Win32
		{06424D4C-05B1-413F-97D2-63117454F656}.Release|x64.ActiveCfg = Release|x64
		{06424D4C-05B1-413F-97D2-63117454F656}.Release|x64.Build.0 = Release|x64
		{06424D4C-05B1-413F-97D2-63117454F656}.Release|x86.ActiveCfg = Release|Win32
		{06424D4C-05B1-413F-97D2-63117454F656}.Release|x86.Build.0 = Release|Win32
	EndGlobalSection
	GlobalSection(SolutionProperties) = preSolution
		HideSolutionNode = FALSE
	EndGlobalSection
	GlobalSection(ExtensibilityGlobals) = postSolution
		SolutionGuid = {5A7F99F5-A480-4F1E-BFCA-2815CCD08E88}
	EndGlobalSection
EndGlobal
